// !$*UTF8*$!
{
	archiveVersion = 1;
	classes = {
	};
	objectVersion = 77;
	objects = {

/* Begin PBXBuildFile section */
		085BFB09936BC51BA8B77060 /* GitStreakKit.framework in Frameworks */ = {isa = PBXBuildFile; fileRef = 65A5CF76584D2ACD1625D318 /* GitStreakKit.framework */; };
		09CB943A168A9BF2F58B9785 /* CacheManagerTests.swift in Sources */ = {isa = PBXBuildFile; fileRef = 29BCB24E799E16B466DEFAC0 /* CacheManagerTests.swift */; };
		0FFF40B6C6585743323A0395 /* MediumWidgetView.swift in Sources */ = {isa = PBXBuildFile; fileRef = 4B10A56901D0ABFBADAF8CFB /* MediumWidgetView.swift */; };
		13A75C5D5263D0CDDC0EAC8C /* GitHubAPIClient.swift in Sources */ = {isa = PBXBuildFile; fileRef = B641C7BFD90C5785E99C0A56 /* GitHubAPIClient.swift */; };
		1C03DB32CCC89E660C72C4EA /* GitStreakKit.framework in Frameworks */ = {isa = PBXBuildFile; fileRef = 65A5CF76584D2ACD1625D318 /* GitStreakKit.framework */; };
		2164567D8CDF6D008D2E9783 /* GitStreakComboWidget.swift in Sources */ = {isa = PBXBuildFile; fileRef = 85DCF7D906251D390FEA0D6D /* GitStreakComboWidget.swift */; };
		2673289C71E5B3F956496684 /* PullRequestsSmallWidgetView.swift in Sources */ = {isa = PBXBuildFile; fileRef = D2CCA3620251F312A34874B4 /* PullRequestsSmallWidgetView.swift */; };
		2A4956C04F2F979C31D3BE2A /* GraphQLResponse.swift in Sources */ = {isa = PBXBuildFile; fileRef = 4E633D348A8909B8AFC65838 /* GraphQLResponse.swift */; };
		362660B3988EB43C5D404463 /* ContributionGridView.swift in Sources */ = {isa = PBXBuildFile; fileRef = 5CD859B7A2F6787E8EB36031 /* ContributionGridView.swift */; };
		39CE3FE185EEC7C9963BFCEC /* UserActivityStats.swift in Sources */ = {isa = PBXBuildFile; fileRef = DCCF2F62561C225AD563D24F /* UserActivityStats.swift */; };
		417DA2BD205AB2358207B8FC /* WidgetEntry.swift in Sources */ = {isa = PBXBuildFile; fileRef = 8C8C09243F59CA6BA15CAA8C /* WidgetEntry.swift */; };
		432CDB749930AB5BB4B3F62E /* MockContributions.swift in Sources */ = {isa = PBXBuildFile; fileRef = 6E0894261130670C38CB0A9A /* MockContributions.swift */; };
		473B0FCE96AC27583C68E6CD /* RadarComboMediumWidgetView.swift in Sources */ = {isa = PBXBuildFile; fileRef = 5BE1654DB63243B5FDD739B9 /* RadarComboMediumWidgetView.swift */; };
		51DC74681702895BE9F8AC43 /* Theme.swift in Sources */ = {isa = PBXBuildFile; fileRef = B5902EFC8E98D75481C70008 /* Theme.swift */; };
		528DD1A9F5CAAC0C6B84DEA0 /* IssuesSmallWidgetView.swift in Sources */ = {isa = PBXBuildFile; fileRef = 700B42FC2424EDA3950955F1 /* IssuesSmallWidgetView.swift */; };
		53C2F4CC38274390EE70E67B /* GitHubUser.swift in Sources */ = {isa = PBXBuildFile; fileRef = 5AFA792EACB9AB76E2FF3A48 /* GitHubUser.swift */; };
		5816F6D7A6F65C0FF02C4E45 /* CopyableUserCodeView.swift in Sources */ = {isa = PBXBuildFile; fileRef = C87E83C4ACF7F2CD99A27ABF /* CopyableUserCodeView.swift */; };
		5AFEFD2FB54A4746B8FCEF7E /* TimelineProvider.swift in Sources */ = {isa = PBXBuildFile; fileRef = 64764049799B71EC83B143ED /* TimelineProvider.swift */; };
		5D6FC2BB6CAD6F754A362C93 /* OnboardingView.swift in Sources */ = {isa = PBXBuildFile; fileRef = F0746007976F4080A72DEEE1 /* OnboardingView.swift */; };
		5DFF37B59EB8DE2BF2E8D649 /* GraphQLResponseTests.swift in Sources */ = {isa = PBXBuildFile; fileRef = 3B1ECE75B88C746BE937FC50 /* GraphQLResponseTests.swift */; };
		6273EBE35E5470EAA88C2683 /* PullRequestsWidget.swift in Sources */ = {isa = PBXBuildFile; fileRef = A75C062E79A965DBD67B57F9 /* PullRequestsWidget.swift */; };
		64CF16278CA604BEEF527774 /* StreakCalculator.swift in Sources */ = {isa = PBXBuildFile; fileRef = E99D1853C3C4F970F2750EB4 /* StreakCalculator.swift */; };
		64E57CF61072EF17E0F03AAF /* Sparkle in Frameworks */ = {isa = PBXBuildFile; productRef = DA2A52D644638E758540C985 /* Sparkle */; };
		6AA560AD4FFE45F2112E2978 /* GitStreakKit.framework in Frameworks */ = {isa = PBXBuildFile; fileRef = 65A5CF76584D2ACD1625D318 /* GitStreakKit.framework */; };
		6AE33BA8799AB37CD7252E27 /* ContributionWeek.swift in Sources */ = {isa = PBXBuildFile; fileRef = FE98F6D1CAD6827480E1FA04 /* ContributionWeek.swift */; };
		6B63B4005F1B083BD4016A47 /* IssuesWidget.swift in Sources */ = {isa = PBXBuildFile; fileRef = E844FE9274D40CFF1E38D416 /* IssuesWidget.swift */; };
		6C016F8CEFF129E36F8AEFB1 /* Typography.swift in Sources */ = {isa = PBXBuildFile; fileRef = A407E72F50CDE846DE025361 /* Typography.swift */; };
		6F527981B7B9330D088CF61C /* SharedDataStore.swift in Sources */ = {isa = PBXBuildFile; fileRef = 467A76AA433B3DF8B6F3604F /* SharedDataStore.swift */; };
		75EA2EEAAC924B74D5883757 /* ActivityRadarChartView.swift in Sources */ = {isa = PBXBuildFile; fileRef = 949C87DC791AFF94124E6BC4 /* ActivityRadarChartView.swift */; };
		76DABE6EEDA6F0AC2DD27B93 /* Assets.xcassets in Resources */ = {isa = PBXBuildFile; fileRef = B8A3226B3C512420E3E3E6FB /* Assets.xcassets */; };
		7CC1C8C2386B113A319143FC /* UserActivityStatsTests.swift in Sources */ = {isa = PBXBuildFile; fileRef = 949E985D556D6FDCC7D5EFB6 /* UserActivityStatsTests.swift */; };
		7D32485EE33B81EC7FB73F85 /* GitStreakRadarWidget.swift in Sources */ = {isa = PBXBuildFile; fileRef = C9801491578665918F7A9B1C /* GitStreakRadarWidget.swift */; };
		86B96D17117E5C7442AE9F26 /* AvatarView.swift in Sources */ = {isa = PBXBuildFile; fileRef = 87DF3CBA28DD26C99F95292C /* AvatarView.swift */; };
		8B5549E78631989288A0C478 /* StreakCalculatorTests.swift in Sources */ = {isa = PBXBuildFile; fileRef = BF59F1F372611A5BDA3CEE47 /* StreakCalculatorTests.swift */; };
		8B724F431D197182160FDC3A /* EntitlementService.swift in Sources */ = {isa = PBXBuildFile; fileRef = F0A0637D9EF1FEFBAF6204C3 /* EntitlementService.swift */; };
		8D5D91488D1195913DC9B9DB /* WidgetKit.framework in Frameworks */ = {isa = PBXBuildFile; fileRef = 864B7B4E2449EFF15D33EEA2 /* WidgetKit.framework */; };
		90766213C1FBC02322A00C69 /* GitStreakKit.framework in Embed Frameworks */ = {isa = PBXBuildFile; fileRef = 65A5CF76584D2ACD1625D318 /* GitStreakKit.framework */; settings = {ATTRIBUTES = (CodeSignOnCopy, RemoveHeadersOnCopy, ); }; };
		9128CFFEA33DA19F6B240C2D /* DashboardView.swift in Sources */ = {isa = PBXBuildFile; fileRef = 586BE7145FB99D0B7A742C6F /* DashboardView.swift */; };
		995506F657BC0203AEED647D /* GitStreakApp.swift in Sources */ = {isa = PBXBuildFile; fileRef = 6F3DEC25E72961BE2A37AC85 /* GitStreakApp.swift */; };
		99ED32A6682BB387BAC2C44B /* GitHubGraphQL.swift in Sources */ = {isa = PBXBuildFile; fileRef = 6D88F5612EC2D2C25EFC3B2E /* GitHubGraphQL.swift */; };
		9A99E905CEE941E0E5BA3B68 /* KeychainService.swift in Sources */ = {isa = PBXBuildFile; fileRef = FB3BA3994A68BA6B2FDC0D95 /* KeychainService.swift */; };
		9D2CE7EE28379BE2BA2E95FF /* ThemePickerView.swift in Sources */ = {isa = PBXBuildFile; fileRef = 5C27AC1E165BD2F456F257CA /* ThemePickerView.swift */; };
		9D41F53EA89DA594162014A9 /* RadarSmallWidgetView.swift in Sources */ = {isa = PBXBuildFile; fileRef = 7E2E879776888FD8C32C2C2E /* RadarSmallWidgetView.swift */; };
		A060822F6E050013C824AD66 /* SwiftUI.framework in Frameworks */ = {isa = PBXBuildFile; fileRef = 6873A1FA19662F1729B8EAE2 /* SwiftUI.framework */; };
		A9217554AEF1E7D0FD496A91 /* StreakBadgeView.swift in Sources */ = {isa = PBXBuildFile; fileRef = 0AADFAFD41C6B51213D0F4B9 /* StreakBadgeView.swift */; };
		AC3921266C4553180614B7A9 /* MockContributionsTests.swift in Sources */ = {isa = PBXBuildFile; fileRef = 9FC2B3844154C1566A00CB2B /* MockContributionsTests.swift */; };
		ACF577C0FE4E93B34DF4F8E0 /* GitStreakKit.framework in Embed Frameworks */ = {isa = PBXBuildFile; fileRef = 65A5CF76584D2ACD1625D318 /* GitStreakKit.framework */; settings = {ATTRIBUTES = (CodeSignOnCopy, RemoveHeadersOnCopy, ); }; };
		B5014DA45E10A0E82506E4EF /* ContributionData.swift in Sources */ = {isa = PBXBuildFile; fileRef = AFD8C04B25E9DC475A118D2D /* ContributionData.swift */; };
		BB84D3C9466C8B76B37A6373 /* ContributionService.swift in Sources */ = {isa = PBXBuildFile; fileRef = 36E9F223A53FEBAF3E765476 /* ContributionService.swift */; };
		BC5F242510F8BF657A4592FC /* SettingsView.swift in Sources */ = {isa = PBXBuildFile; fileRef = 1EB71291845827F4D5272854 /* SettingsView.swift */; };
		C02C54CCE1D94F3F9CC65F8D /* TokenStorageTests.swift in Sources */ = {isa = PBXBuildFile; fileRef = 0B6B61D25347980934205C9C /* TokenStorageTests.swift */; };
		C1AF0CDC1DE01A2A87203939 /* TokenStorage.swift in Sources */ = {isa = PBXBuildFile; fileRef = AEDF0A99043E3A84A7660560 /* TokenStorage.swift */; };
		C4EE2A1FABD76290F991CD12 /* OAuthService.swift in Sources */ = {isa = PBXBuildFile; fileRef = 895253AC45BD069C98F9893B /* OAuthService.swift */; };
		C7C645D327471228D06CC12D /* SparkleUpdater.swift in Sources */ = {isa = PBXBuildFile; fileRef = 9AB7BF840D9C24DF14E89F6B /* SparkleUpdater.swift */; };
		CE73428A29950FD4993DE257 /* ContributionDay.swift in Sources */ = {isa = PBXBuildFile; fileRef = A50971AACFE90239560C6DE5 /* ContributionDay.swift */; };
		CF77C4031317317FC23A6848 /* GitStreakWidget.swift in Sources */ = {isa = PBXBuildFile; fileRef = 715A0C1DE630AE90F99ACCAA /* GitStreakWidget.swift */; };
		D3380215A469F2B33B5B3F24 /* Assets.xcassets in Resources */ = {isa = PBXBuildFile; fileRef = 9FCF89DDB0AB2336A939300E /* Assets.xcassets */; };
		DA0623758389ADA17360767A /* GitStreakWidgetBundle.swift in Sources */ = {isa = PBXBuildFile; fileRef = D91D029ECC6A2B6177BFCB51 /* GitStreakWidgetBundle.swift */; };
		DB5DC60C4A95AB99DEFD6DA9 /* CacheManager.swift in Sources */ = {isa = PBXBuildFile; fileRef = 3432C715C3257BA9E6BFFAD2 /* CacheManager.swift */; };
		DE0AA80166BA0A770B1B0ED1 /* TodaySmallWidgetView.swift in Sources */ = {isa = PBXBuildFile; fileRef = 5BC6E8A405B9D75F6A2DCF8E /* TodaySmallWidgetView.swift */; };
		DF166655EF9BECD81F78BEA4 /* ThemeRegistryTests.swift in Sources */ = {isa = PBXBuildFile; fileRef = EDA947BEDE6D85670B8A6D83 /* ThemeRegistryTests.swift */; };
		DFBE3F2003068CCFE877F010 /* GitStreakWidgetExtension.appex in Embed Foundation Extensions */ = {isa = PBXBuildFile; fileRef = 27ECD56B6A894FFAD3518DD4 /* GitStreakWidgetExtension.appex */; settings = {ATTRIBUTES = (RemoveHeadersOnCopy, ); }; };
		E07F9C08F26D308C59CAF512 /* Spacing.swift in Sources */ = {isa = PBXBuildFile; fileRef = EA8CCED57495023556366765 /* Spacing.swift */; };
		E42F31C9517C81D6C5ABA39B /* StatCardView.swift in Sources */ = {isa = PBXBuildFile; fileRef = F9DA4848671B6DB6B657181C /* StatCardView.swift */; };
		F202F4E0EC73F9B6D99FB241 /* UserPreferences.swift in Sources */ = {isa = PBXBuildFile; fileRef = 6F8220B0439A3922E69A9D28 /* UserPreferences.swift */; };
		F82237C0BB50F544283F591B /* TodayCommitsWidget.swift in Sources */ = {isa = PBXBuildFile; fileRef = 660247658AE5FD2C25D4528D /* TodayCommitsWidget.swift */; };
		F9C2DA52163491F022F08AA9 /* SmallWidgetView.swift in Sources */ = {isa = PBXBuildFile; fileRef = 35EF69D88D8D48A1CA57B806 /* SmallWidgetView.swift */; };
/* End PBXBuildFile section */

/* Begin PBXContainerItemProxy section */
		3177831EB40452268FB99D48 /* PBXContainerItemProxy */ = {
			isa = PBXContainerItemProxy;
			containerPortal = 8B11416A7C4117626707730F /* Project object */;
			proxyType = 1;
			remoteGlobalIDString = FB79EFABB4F6454B1DF4C679;
			remoteInfo = GitStreakKit;
		};
		7FAEC0CF56726E03E5BD2205 /* PBXContainerItemProxy */ = {
			isa = PBXContainerItemProxy;
			containerPortal = 8B11416A7C4117626707730F /* Project object */;
			proxyType = 1;
			remoteGlobalIDString = 9019E30A1877BED11DD4773F;
			remoteInfo = GitStreak;
		};
		87732B8219AE0C8378BD45C1 /* PBXContainerItemProxy */ = {
			isa = PBXContainerItemProxy;
			containerPortal = 8B11416A7C4117626707730F /* Project object */;
			proxyType = 1;
			remoteGlobalIDString = FB79EFABB4F6454B1DF4C679;
			remoteInfo = GitStreakKit;
		};
		8BDD52A88B7B31EC4D0B1CA2 /* PBXContainerItemProxy */ = {
			isa = PBXContainerItemProxy;
			containerPortal = 8B11416A7C4117626707730F /* Project object */;
			proxyType = 1;
			remoteGlobalIDString = FB79EFABB4F6454B1DF4C679;
			remoteInfo = GitStreakKit;
		};
		FC0B75074458DF97FCEA1FF6 /* PBXContainerItemProxy */ = {
			isa = PBXContainerItemProxy;
			containerPortal = 8B11416A7C4117626707730F /* Project object */;
			proxyType = 1;
			remoteGlobalIDString = F043147747D1F8588AD9FD4F;
			remoteInfo = GitStreakWidgetExtension;
		};
/* End PBXContainerItemProxy section */

/* Begin PBXCopyFilesBuildPhase section */
		39E40E47614C9146DF40420D /* Embed Frameworks */ = {
			isa = PBXCopyFilesBuildPhase;
			buildActionMask = 2147483647;
			dstPath = "";
			dstSubfolderSpec = 10;
			files = (
				ACF577C0FE4E93B34DF4F8E0 /* GitStreakKit.framework in Embed Frameworks */,
			);
			name = "Embed Frameworks";
			runOnlyForDeploymentPostprocessing = 0;
		};
		6EC9AF9AC7C8DB751B845508 /* Embed Foundation Extensions */ = {
			isa = PBXCopyFilesBuildPhase;
			buildActionMask = 2147483647;
			dstPath = "";
			dstSubfolderSpec = 13;
			files = (
				DFBE3F2003068CCFE877F010 /* GitStreakWidgetExtension.appex in Embed Foundation Extensions */,
			);
			name = "Embed Foundation Extensions";
			runOnlyForDeploymentPostprocessing = 0;
		};
		7FA5C726495A53A3646442BA /* Embed Frameworks */ = {
			isa = PBXCopyFilesBuildPhase;
			buildActionMask = 2147483647;
			dstPath = "";
			dstSubfolderSpec = 10;
			files = (
				90766213C1FBC02322A00C69 /* GitStreakKit.framework in Embed Frameworks */,
			);
			name = "Embed Frameworks";
			runOnlyForDeploymentPostprocessing = 0;
		};
/* End PBXCopyFilesBuildPhase section */

/* Begin PBXFileReference section */
		0AADFAFD41C6B51213D0F4B9 /* StreakBadgeView.swift */ = {isa = PBXFileReference; lastKnownFileType = sourcecode.swift; path = StreakBadgeView.swift; sourceTree = "<group>"; };
		0B6B61D25347980934205C9C /* TokenStorageTests.swift */ = {isa = PBXFileReference; lastKnownFileType = sourcecode.swift; path = TokenStorageTests.swift; sourceTree = "<group>"; };
		1EB71291845827F4D5272854 /* SettingsView.swift */ = {isa = PBXFileReference; lastKnownFileType = sourcecode.swift; path = SettingsView.swift; sourceTree = "<group>"; };
		211C067B83F888A480DFD7D3 /* GitStreak.entitlements */ = {isa = PBXFileReference; lastKnownFileType = text.plist.entitlements; path = GitStreak.entitlements; sourceTree = "<group>"; };
		27ECD56B6A894FFAD3518DD4 /* GitStreakWidgetExtension.appex */ = {isa = PBXFileReference; explicitFileType = "wrapper.app-extension"; includeInIndex = 0; path = GitStreakWidgetExtension.appex; sourceTree = BUILT_PRODUCTS_DIR; };
		29BCB24E799E16B466DEFAC0 /* CacheManagerTests.swift */ = {isa = PBXFileReference; lastKnownFileType = sourcecode.swift; path = CacheManagerTests.swift; sourceTree = "<group>"; };
		3432C715C3257BA9E6BFFAD2 /* CacheManager.swift */ = {isa = PBXFileReference; lastKnownFileType = sourcecode.swift; path = CacheManager.swift; sourceTree = "<group>"; };
		35EF69D88D8D48A1CA57B806 /* SmallWidgetView.swift */ = {isa = PBXFileReference; lastKnownFileType = sourcecode.swift; path = SmallWidgetView.swift; sourceTree = "<group>"; };
		36E9F223A53FEBAF3E765476 /* ContributionService.swift */ = {isa = PBXFileReference; lastKnownFileType = sourcecode.swift; path = ContributionService.swift; sourceTree = "<group>"; };
		3B1ECE75B88C746BE937FC50 /* GraphQLResponseTests.swift */ = {isa = PBXFileReference; lastKnownFileType = sourcecode.swift; path = GraphQLResponseTests.swift; sourceTree = "<group>"; };
		467A76AA433B3DF8B6F3604F /* SharedDataStore.swift */ = {isa = PBXFileReference; lastKnownFileType = sourcecode.swift; path = SharedDataStore.swift; sourceTree = "<group>"; };
		4B10A56901D0ABFBADAF8CFB /* MediumWidgetView.swift */ = {isa = PBXFileReference; lastKnownFileType = sourcecode.swift; path = MediumWidgetView.swift; sourceTree = "<group>"; };
		4E633D348A8909B8AFC65838 /* GraphQLResponse.swift */ = {isa = PBXFileReference; lastKnownFileType = sourcecode.swift; path = GraphQLResponse.swift; sourceTree = "<group>"; };
		5343E61DCD99DD8A7FEEA767 /* GitStreakTests.xctest */ = {isa = PBXFileReference; explicitFileType = wrapper.cfbundle; includeInIndex = 0; path = GitStreakTests.xctest; sourceTree = BUILT_PRODUCTS_DIR; };
		586BE7145FB99D0B7A742C6F /* DashboardView.swift */ = {isa = PBXFileReference; lastKnownFileType = sourcecode.swift; path = DashboardView.swift; sourceTree = "<group>"; };
		5AFA792EACB9AB76E2FF3A48 /* GitHubUser.swift */ = {isa = PBXFileReference; lastKnownFileType = sourcecode.swift; path = GitHubUser.swift; sourceTree = "<group>"; };
		5BC6E8A405B9D75F6A2DCF8E /* TodaySmallWidgetView.swift */ = {isa = PBXFileReference; lastKnownFileType = sourcecode.swift; path = TodaySmallWidgetView.swift; sourceTree = "<group>"; };
		5BE1654DB63243B5FDD739B9 /* RadarComboMediumWidgetView.swift */ = {isa = PBXFileReference; lastKnownFileType = sourcecode.swift; path = RadarComboMediumWidgetView.swift; sourceTree = "<group>"; };
		5C27AC1E165BD2F456F257CA /* ThemePickerView.swift */ = {isa = PBXFileReference; lastKnownFileType = sourcecode.swift; path = ThemePickerView.swift; sourceTree = "<group>"; };
		5CD859B7A2F6787E8EB36031 /* ContributionGridView.swift */ = {isa = PBXFileReference; lastKnownFileType = sourcecode.swift; path = ContributionGridView.swift; sourceTree = "<group>"; };
		64764049799B71EC83B143ED /* TimelineProvider.swift */ = {isa = PBXFileReference; lastKnownFileType = sourcecode.swift; path = TimelineProvider.swift; sourceTree = "<group>"; };
		65A5CF76584D2ACD1625D318 /* GitStreakKit.framework */ = {isa = PBXFileReference; explicitFileType = wrapper.framework; includeInIndex = 0; path = GitStreakKit.framework; sourceTree = BUILT_PRODUCTS_DIR; };
		660247658AE5FD2C25D4528D /* TodayCommitsWidget.swift */ = {isa = PBXFileReference; lastKnownFileType = sourcecode.swift; path = TodayCommitsWidget.swift; sourceTree = "<group>"; };
		6873A1FA19662F1729B8EAE2 /* SwiftUI.framework */ = {isa = PBXFileReference; lastKnownFileType = wrapper.framework; name = SwiftUI.framework; path = System/Library/Frameworks/SwiftUI.framework; sourceTree = SDKROOT; };
		6D88F5612EC2D2C25EFC3B2E /* GitHubGraphQL.swift */ = {isa = PBXFileReference; lastKnownFileType = sourcecode.swift; path = GitHubGraphQL.swift; sourceTree = "<group>"; };
		6E0894261130670C38CB0A9A /* MockContributions.swift */ = {isa = PBXFileReference; lastKnownFileType = sourcecode.swift; path = MockContributions.swift; sourceTree = "<group>"; };
		6F3DEC25E72961BE2A37AC85 /* GitStreakApp.swift */ = {isa = PBXFileReference; lastKnownFileType = sourcecode.swift; path = GitStreakApp.swift; sourceTree = "<group>"; };
		6F8220B0439A3922E69A9D28 /* UserPreferences.swift */ = {isa = PBXFileReference; lastKnownFileType = sourcecode.swift; path = UserPreferences.swift; sourceTree = "<group>"; };
		700B42FC2424EDA3950955F1 /* IssuesSmallWidgetView.swift */ = {isa = PBXFileReference; lastKnownFileType = sourcecode.swift; path = IssuesSmallWidgetView.swift; sourceTree = "<group>"; };
		715A0C1DE630AE90F99ACCAA /* GitStreakWidget.swift */ = {isa = PBXFileReference; lastKnownFileType = sourcecode.swift; path = GitStreakWidget.swift; sourceTree = "<group>"; };
		7E2E879776888FD8C32C2C2E /* RadarSmallWidgetView.swift */ = {isa = PBXFileReference; lastKnownFileType = sourcecode.swift; path = RadarSmallWidgetView.swift; sourceTree = "<group>"; };
		85DCF7D906251D390FEA0D6D /* GitStreakComboWidget.swift */ = {isa = PBXFileReference; lastKnownFileType = sourcecode.swift; path = GitStreakComboWidget.swift; sourceTree = "<group>"; };
		864B7B4E2449EFF15D33EEA2 /* WidgetKit.framework */ = {isa = PBXFileReference; lastKnownFileType = wrapper.framework; name = WidgetKit.framework; path = System/Library/Frameworks/WidgetKit.framework; sourceTree = SDKROOT; };
		87DF3CBA28DD26C99F95292C /* AvatarView.swift */ = {isa = PBXFileReference; lastKnownFileType = sourcecode.swift; path = AvatarView.swift; sourceTree = "<group>"; };
		895253AC45BD069C98F9893B /* OAuthService.swift */ = {isa = PBXFileReference; lastKnownFileType = sourcecode.swift; path = OAuthService.swift; sourceTree = "<group>"; };
		8C8C09243F59CA6BA15CAA8C /* WidgetEntry.swift */ = {isa = PBXFileReference; lastKnownFileType = sourcecode.swift; path = WidgetEntry.swift; sourceTree = "<group>"; };
		949C87DC791AFF94124E6BC4 /* ActivityRadarChartView.swift */ = {isa = PBXFileReference; lastKnownFileType = sourcecode.swift; path = ActivityRadarChartView.swift; sourceTree = "<group>"; };
		949E985D556D6FDCC7D5EFB6 /* UserActivityStatsTests.swift */ = {isa = PBXFileReference; lastKnownFileType = sourcecode.swift; path = UserActivityStatsTests.swift; sourceTree = "<group>"; };
		9AB7BF840D9C24DF14E89F6B /* SparkleUpdater.swift */ = {isa = PBXFileReference; lastKnownFileType = sourcecode.swift; path = SparkleUpdater.swift; sourceTree = "<group>"; };
		9FC2B3844154C1566A00CB2B /* MockContributionsTests.swift */ = {isa = PBXFileReference; lastKnownFileType = sourcecode.swift; path = MockContributionsTests.swift; sourceTree = "<group>"; };
		9FCF89DDB0AB2336A939300E /* Assets.xcassets */ = {isa = PBXFileReference; lastKnownFileType = folder.assetcatalog; path = Assets.xcassets; sourceTree = "<group>"; };
		A407E72F50CDE846DE025361 /* Typography.swift */ = {isa = PBXFileReference; lastKnownFileType = sourcecode.swift; path = Typography.swift; sourceTree = "<group>"; };
		A50971AACFE90239560C6DE5 /* ContributionDay.swift */ = {isa = PBXFileReference; lastKnownFileType = sourcecode.swift; path = ContributionDay.swift; sourceTree = "<group>"; };
		A75C062E79A965DBD67B57F9 /* PullRequestsWidget.swift */ = {isa = PBXFileReference; lastKnownFileType = sourcecode.swift; path = PullRequestsWidget.swift; sourceTree = "<group>"; };
		AEDF0A99043E3A84A7660560 /* TokenStorage.swift */ = {isa = PBXFileReference; lastKnownFileType = sourcecode.swift; path = TokenStorage.swift; sourceTree = "<group>"; };
		AFD8C04B25E9DC475A118D2D /* ContributionData.swift */ = {isa = PBXFileReference; lastKnownFileType = sourcecode.swift; path = ContributionData.swift; sourceTree = "<group>"; };
		B5902EFC8E98D75481C70008 /* Theme.swift */ = {isa = PBXFileReference; lastKnownFileType = sourcecode.swift; path = Theme.swift; sourceTree = "<group>"; };
		B641C7BFD90C5785E99C0A56 /* GitHubAPIClient.swift */ = {isa = PBXFileReference; lastKnownFileType = sourcecode.swift; path = GitHubAPIClient.swift; sourceTree = "<group>"; };
		B8A3226B3C512420E3E3E6FB /* Assets.xcassets */ = {isa = PBXFileReference; lastKnownFileType = folder.assetcatalog; path = Assets.xcassets; sourceTree = "<group>"; };
		BAA04E0938A5A8A1C74181BE /* GitStreakWidget.entitlements */ = {isa = PBXFileReference; lastKnownFileType = text.plist.entitlements; path = GitStreakWidget.entitlements; sourceTree = "<group>"; };
		BF59F1F372611A5BDA3CEE47 /* StreakCalculatorTests.swift */ = {isa = PBXFileReference; lastKnownFileType = sourcecode.swift; path = StreakCalculatorTests.swift; sourceTree = "<group>"; };
		C87E83C4ACF7F2CD99A27ABF /* CopyableUserCodeView.swift */ = {isa = PBXFileReference; lastKnownFileType = sourcecode.swift; path = CopyableUserCodeView.swift; sourceTree = "<group>"; };
		C9801491578665918F7A9B1C /* GitStreakRadarWidget.swift */ = {isa = PBXFileReference; lastKnownFileType = sourcecode.swift; path = GitStreakRadarWidget.swift; sourceTree = "<group>"; };
		D2CCA3620251F312A34874B4 /* PullRequestsSmallWidgetView.swift */ = {isa = PBXFileReference; lastKnownFileType = sourcecode.swift; path = PullRequestsSmallWidgetView.swift; sourceTree = "<group>"; };
		D91D029ECC6A2B6177BFCB51 /* GitStreakWidgetBundle.swift */ = {isa = PBXFileReference; lastKnownFileType = sourcecode.swift; path = GitStreakWidgetBundle.swift; sourceTree = "<group>"; };
		DCCF2F62561C225AD563D24F /* UserActivityStats.swift */ = {isa = PBXFileReference; lastKnownFileType = sourcecode.swift; path = UserActivityStats.swift; sourceTree = "<group>"; };
		E844FE9274D40CFF1E38D416 /* IssuesWidget.swift */ = {isa = PBXFileReference; lastKnownFileType = sourcecode.swift; path = IssuesWidget.swift; sourceTree = "<group>"; };
		E99D1853C3C4F970F2750EB4 /* StreakCalculator.swift */ = {isa = PBXFileReference; lastKnownFileType = sourcecode.swift; path = StreakCalculator.swift; sourceTree = "<group>"; };
		EA8CCED57495023556366765 /* Spacing.swift */ = {isa = PBXFileReference; lastKnownFileType = sourcecode.swift; path = Spacing.swift; sourceTree = "<group>"; };
		EDA947BEDE6D85670B8A6D83 /* ThemeRegistryTests.swift */ = {isa = PBXFileReference; lastKnownFileType = sourcecode.swift; path = ThemeRegistryTests.swift; sourceTree = "<group>"; };
		F0746007976F4080A72DEEE1 /* OnboardingView.swift */ = {isa = PBXFileReference; lastKnownFileType = sourcecode.swift; path = OnboardingView.swift; sourceTree = "<group>"; };
		F0A0637D9EF1FEFBAF6204C3 /* EntitlementService.swift */ = {isa = PBXFileReference; lastKnownFileType = sourcecode.swift; path = EntitlementService.swift; sourceTree = "<group>"; };
		F4FBB069647F8CE94D98C57E /* GitStreak.app */ = {isa = PBXFileReference; explicitFileType = wrapper.application; includeInIndex = 0; path = GitStreak.app; sourceTree = BUILT_PRODUCTS_DIR; };
		F9DA4848671B6DB6B657181C /* StatCardView.swift */ = {isa = PBXFileReference; lastKnownFileType = sourcecode.swift; path = StatCardView.swift; sourceTree = "<group>"; };
		FB3BA3994A68BA6B2FDC0D95 /* KeychainService.swift */ = {isa = PBXFileReference; lastKnownFileType = sourcecode.swift; path = KeychainService.swift; sourceTree = "<group>"; };
		FE98F6D1CAD6827480E1FA04 /* ContributionWeek.swift */ = {isa = PBXFileReference; lastKnownFileType = sourcecode.swift; path = ContributionWeek.swift; sourceTree = "<group>"; };
/* End PBXFileReference section */

/* Begin PBXFrameworksBuildPhase section */
		5A44B2F9461CF6A928082125 /* Frameworks */ = {
			isa = PBXFrameworksBuildPhase;
			buildActionMask = 2147483647;
			files = (
				085BFB09936BC51BA8B77060 /* GitStreakKit.framework in Frameworks */,
				64E57CF61072EF17E0F03AAF /* Sparkle in Frameworks */,
			);
			runOnlyForDeploymentPostprocessing = 0;
		};
		8E5C4FBCAAC8858F6A0A6350 /* Frameworks */ = {
			isa = PBXFrameworksBuildPhase;
			buildActionMask = 2147483647;
			files = (
				1C03DB32CCC89E660C72C4EA /* GitStreakKit.framework in Frameworks */,
			);
			runOnlyForDeploymentPostprocessing = 0;
		};
		EB856993D20A58529B3C906E /* Frameworks */ = {
			isa = PBXFrameworksBuildPhase;
			buildActionMask = 2147483647;
			files = (
				6AA560AD4FFE45F2112E2978 /* GitStreakKit.framework in Frameworks */,
				8D5D91488D1195913DC9B9DB /* WidgetKit.framework in Frameworks */,
				A060822F6E050013C824AD66 /* SwiftUI.framework in Frameworks */,
			);
			runOnlyForDeploymentPostprocessing = 0;
		};
/* End PBXFrameworksBuildPhase section */

/* Begin PBXGroup section */
		12A10EC71F17A8F59B34820D /* Dashboard */ = {
			isa = PBXGroup;
			children = (
				586BE7145FB99D0B7A742C6F /* DashboardView.swift */,
			);
			path = Dashboard;
			sourceTree = "<group>";
		};
		1318B10B204BCCE174CFA9CA /* GitStreakWidget */ = {
			isa = PBXGroup;
			children = (
				B8A3226B3C512420E3E3E6FB /* Assets.xcassets */,
				85DCF7D906251D390FEA0D6D /* GitStreakComboWidget.swift */,
				C9801491578665918F7A9B1C /* GitStreakRadarWidget.swift */,
				BAA04E0938A5A8A1C74181BE /* GitStreakWidget.entitlements */,
				715A0C1DE630AE90F99ACCAA /* GitStreakWidget.swift */,
				D91D029ECC6A2B6177BFCB51 /* GitStreakWidgetBundle.swift */,
				E844FE9274D40CFF1E38D416 /* IssuesWidget.swift */,
				A75C062E79A965DBD67B57F9 /* PullRequestsWidget.swift */,
				64764049799B71EC83B143ED /* TimelineProvider.swift */,
				660247658AE5FD2C25D4528D /* TodayCommitsWidget.swift */,
				8C8C09243F59CA6BA15CAA8C /* WidgetEntry.swift */,
				19893C965F484FD1BEA623EB /* Views */,
			);
			path = GitStreakWidget;
			sourceTree = "<group>";
		};
		19893C965F484FD1BEA623EB /* Views */ = {
			isa = PBXGroup;
			children = (
				700B42FC2424EDA3950955F1 /* IssuesSmallWidgetView.swift */,
				4B10A56901D0ABFBADAF8CFB /* MediumWidgetView.swift */,
				D2CCA3620251F312A34874B4 /* PullRequestsSmallWidgetView.swift */,
				5BE1654DB63243B5FDD739B9 /* RadarComboMediumWidgetView.swift */,
				7E2E879776888FD8C32C2C2E /* RadarSmallWidgetView.swift */,
				35EF69D88D8D48A1CA57B806 /* SmallWidgetView.swift */,
				5BC6E8A405B9D75F6A2DCF8E /* TodaySmallWidgetView.swift */,
			);
			path = Views;
			sourceTree = "<group>";
		};
		2A7D130EF0D44C8D1EAF77E3 /* GitStreak */ = {
			isa = PBXGroup;
			children = (
				9FCF89DDB0AB2336A939300E /* Assets.xcassets */,
				211C067B83F888A480DFD7D3 /* GitStreak.entitlements */,
				D293C6B94B93245769943AD3 /* App */,
				F3207087791040F2B5AFEE1C /* Features */,
			);
			path = GitStreak;
			sourceTree = "<group>";
		};
		2C6D28C167CBB148BF72A514 /* GitHub */ = {
			isa = PBXGroup;
			children = (
				B641C7BFD90C5785E99C0A56 /* GitHubAPIClient.swift */,
				6D88F5612EC2D2C25EFC3B2E /* GitHubGraphQL.swift */,
				895253AC45BD069C98F9893B /* OAuthService.swift */,
				F3C5DB97F6FCFEA6322CF7B4 /* Models */,
			);
			path = GitHub;
			sourceTree = "<group>";
		};
		3845441974BDBC2D2958F994 /* Services */ = {
			isa = PBXGroup;
			children = (
				36E9F223A53FEBAF3E765476 /* ContributionService.swift */,
				F0A0637D9EF1FEFBAF6204C3 /* EntitlementService.swift */,
				FB3BA3994A68BA6B2FDC0D95 /* KeychainService.swift */,
				E99D1853C3C4F970F2750EB4 /* StreakCalculator.swift */,
				AEDF0A99043E3A84A7660560 /* TokenStorage.swift */,
			);
			path = Services;
			sourceTree = "<group>";
		};
		4502308C2FA9860996FD2685 /* GitStreakTests */ = {
			isa = PBXGroup;
			children = (
				29BCB24E799E16B466DEFAC0 /* CacheManagerTests.swift */,
				3B1ECE75B88C746BE937FC50 /* GraphQLResponseTests.swift */,
				9FC2B3844154C1566A00CB2B /* MockContributionsTests.swift */,
				BF59F1F372611A5BDA3CEE47 /* StreakCalculatorTests.swift */,
				EDA947BEDE6D85670B8A6D83 /* ThemeRegistryTests.swift */,
				0B6B61D25347980934205C9C /* TokenStorageTests.swift */,
				949E985D556D6FDCC7D5EFB6 /* UserActivityStatsTests.swift */,
			);
			path = GitStreakTests;
			sourceTree = "<group>";
		};
		59A3961C6C5B78F117D639C9 /* Settings */ = {
			isa = PBXGroup;
			children = (
				1EB71291845827F4D5272854 /* SettingsView.swift */,
			);
			path = Settings;
			sourceTree = "<group>";
		};
		5DDBB1111448ABBDB1F644F7 /* MockData */ = {
			isa = PBXGroup;
			children = (
				6E0894261130670C38CB0A9A /* MockContributions.swift */,
			);
			path = MockData;
			sourceTree = "<group>";
		};
		78FF52E1D8CA66F81A39C64F /* Onboarding */ = {
			isa = PBXGroup;
			children = (
				F0746007976F4080A72DEEE1 /* OnboardingView.swift */,
			);
			path = Onboarding;
			sourceTree = "<group>";
		};
		80B905415CCA4926D43E7321 = {
			isa = PBXGroup;
			children = (
				2A7D130EF0D44C8D1EAF77E3 /* GitStreak */,
				EA7219D6376541FAB0712C25 /* GitStreakKit */,
				4502308C2FA9860996FD2685 /* GitStreakTests */,
				1318B10B204BCCE174CFA9CA /* GitStreakWidget */,
				C28DC86A23A5C7544BB0B623 /* Frameworks */,
				CD5F5272AAF75E812F5C84FE /* Products */,
			);
			sourceTree = "<group>";
		};
		A2B949BB45842D71F484BB21 /* DesignSystem */ = {
			isa = PBXGroup;
			children = (
				EA8CCED57495023556366765 /* Spacing.swift */,
				B5902EFC8E98D75481C70008 /* Theme.swift */,
				A407E72F50CDE846DE025361 /* Typography.swift */,
				CF791E5AF63C2373777827DA /* Components */,
			);
			path = DesignSystem;
			sourceTree = "<group>";
		};
		A81533BBA5DE34F76900DBE9 /* Updater */ = {
			isa = PBXGroup;
			children = (
				9AB7BF840D9C24DF14E89F6B /* SparkleUpdater.swift */,
			);
			path = Updater;
			sourceTree = "<group>";
		};
		C28DC86A23A5C7544BB0B623 /* Frameworks */ = {
			isa = PBXGroup;
			children = (
				6873A1FA19662F1729B8EAE2 /* SwiftUI.framework */,
				864B7B4E2449EFF15D33EEA2 /* WidgetKit.framework */,
			);
			name = Frameworks;
			sourceTree = "<group>";
		};
		CD5F5272AAF75E812F5C84FE /* Products */ = {
			isa = PBXGroup;
			children = (
				F4FBB069647F8CE94D98C57E /* GitStreak.app */,
				65A5CF76584D2ACD1625D318 /* GitStreakKit.framework */,
				5343E61DCD99DD8A7FEEA767 /* GitStreakTests.xctest */,
				27ECD56B6A894FFAD3518DD4 /* GitStreakWidgetExtension.appex */,
			);
			name = Products;
			sourceTree = "<group>";
		};
		CF791E5AF63C2373777827DA /* Components */ = {
			isa = PBXGroup;
			children = (
				949C87DC791AFF94124E6BC4 /* ActivityRadarChartView.swift */,
				87DF3CBA28DD26C99F95292C /* AvatarView.swift */,
				5CD859B7A2F6787E8EB36031 /* ContributionGridView.swift */,
				C87E83C4ACF7F2CD99A27ABF /* CopyableUserCodeView.swift */,
				F9DA4848671B6DB6B657181C /* StatCardView.swift */,
				0AADFAFD41C6B51213D0F4B9 /* StreakBadgeView.swift */,
			);
			path = Components;
			sourceTree = "<group>";
		};
		D293C6B94B93245769943AD3 /* App */ = {
			isa = PBXGroup;
			children = (
				6F3DEC25E72961BE2A37AC85 /* GitStreakApp.swift */,
			);
			path = App;
			sourceTree = "<group>";
		};
		E729F338F015D3B665BF7540 /* Data */ = {
			isa = PBXGroup;
			children = (
				3432C715C3257BA9E6BFFAD2 /* CacheManager.swift */,
				467A76AA433B3DF8B6F3604F /* SharedDataStore.swift */,
				6F8220B0439A3922E69A9D28 /* UserPreferences.swift */,
			);
			path = Data;
			sourceTree = "<group>";
		};
		EA7219D6376541FAB0712C25 /* GitStreakKit */ = {
			isa = PBXGroup;
			children = (
				E729F338F015D3B665BF7540 /* Data */,
				A2B949BB45842D71F484BB21 /* DesignSystem */,
				2C6D28C167CBB148BF72A514 /* GitHub */,
				5DDBB1111448ABBDB1F644F7 /* MockData */,
				3845441974BDBC2D2958F994 /* Services */,
			);
			path = GitStreakKit;
			sourceTree = "<group>";
		};
		F3207087791040F2B5AFEE1C /* Features */ = {
			isa = PBXGroup;
			children = (
				FE88DFBE17F16F3EC95D8011 /* Customization */,
				12A10EC71F17A8F59B34820D /* Dashboard */,
				78FF52E1D8CA66F81A39C64F /* Onboarding */,
				59A3961C6C5B78F117D639C9 /* Settings */,
				A81533BBA5DE34F76900DBE9 /* Updater */,
			);
			path = Features;
			sourceTree = "<group>";
		};
		F3C5DB97F6FCFEA6322CF7B4 /* Models */ = {
			isa = PBXGroup;
			children = (
				AFD8C04B25E9DC475A118D2D /* ContributionData.swift */,
				A50971AACFE90239560C6DE5 /* ContributionDay.swift */,
				FE98F6D1CAD6827480E1FA04 /* ContributionWeek.swift */,
				5AFA792EACB9AB76E2FF3A48 /* GitHubUser.swift */,
				4E633D348A8909B8AFC65838 /* GraphQLResponse.swift */,
				DCCF2F62561C225AD563D24F /* UserActivityStats.swift */,
			);
			path = Models;
			sourceTree = "<group>";
		};
		FE88DFBE17F16F3EC95D8011 /* Customization */ = {
			isa = PBXGroup;
			children = (
				5C27AC1E165BD2F456F257CA /* ThemePickerView.swift */,
			);
			path = Customization;
			sourceTree = "<group>";
		};
/* End PBXGroup section */

/* Begin PBXNativeTarget section */
		5C356C31BE424C2484903BE9 /* GitStreakTests */ = {
			isa = PBXNativeTarget;
			buildConfigurationList = 579DACBE885E12CAB4858271 /* Build configuration list for PBXNativeTarget "GitStreakTests" */;
			buildPhases = (
				828842D1171C0FF96DA51875 /* Sources */,
				8E5C4FBCAAC8858F6A0A6350 /* Frameworks */,
				39E40E47614C9146DF40420D /* Embed Frameworks */,
			);
			buildRules = (
			);
			dependencies = (
				F1E077CCB9D930CE6782D2CC /* PBXTargetDependency */,
				6340EA04658D29E43C0C7BD9 /* PBXTargetDependency */,
			);
			name = GitStreakTests;
			packageProductDependencies = (
			);
			productName = GitStreakTests;
			productReference = 5343E61DCD99DD8A7FEEA767 /* GitStreakTests.xctest */;
			productType = "com.apple.product-type.bundle.unit-test";
		};
		9019E30A1877BED11DD4773F /* GitStreak */ = {
			isa = PBXNativeTarget;
			buildConfigurationList = EE316A38565B7F40DD97F7BA /* Build configuration list for PBXNativeTarget "GitStreak" */;
			buildPhases = (
				09370770AC5DC46A88FED36D /* Sources */,
				D019A6AEE983D78063212333 /* Resources */,
				5A44B2F9461CF6A928082125 /* Frameworks */,
				6EC9AF9AC7C8DB751B845508 /* Embed Foundation Extensions */,
				7FA5C726495A53A3646442BA /* Embed Frameworks */,
			);
			buildRules = (
			);
			dependencies = (
				507435AE4F4F9F5A960D900E /* PBXTargetDependency */,
				06C883E656E8BFCAD0CA7E9B /* PBXTargetDependency */,
			);
			name = GitStreak;
			packageProductDependencies = (
				DA2A52D644638E758540C985 /* Sparkle */,
			);
			productName = GitStreak;
			productReference = F4FBB069647F8CE94D98C57E /* GitStreak.app */;
			productType = "com.apple.product-type.application";
		};
		F043147747D1F8588AD9FD4F /* GitStreakWidgetExtension */ = {
			isa = PBXNativeTarget;
			buildConfigurationList = B515F59B6092A34C9A13955F /* Build configuration list for PBXNativeTarget "GitStreakWidgetExtension" */;
			buildPhases = (
				F6E1265D24D7013B780B173C /* Sources */,
				5A8FC927E9881CFC105C9445 /* Resources */,
				EB856993D20A58529B3C906E /* Frameworks */,
			);
			buildRules = (
			);
			dependencies = (
				5B8375165B57C380402A7900 /* PBXTargetDependency */,
			);
			name = GitStreakWidgetExtension;
			packageProductDependencies = (
			);
			productName = GitStreakWidgetExtension;
			productReference = 27ECD56B6A894FFAD3518DD4 /* GitStreakWidgetExtension.appex */;
			productType = "com.apple.product-type.app-extension";
		};
		FB79EFABB4F6454B1DF4C679 /* GitStreakKit */ = {
			isa = PBXNativeTarget;
			buildConfigurationList = 04A557CD0E1A8CCB5D909F9C /* Build configuration list for PBXNativeTarget "GitStreakKit" */;
			buildPhases = (
				E8F8C806DFE8C247E5BF962C /* Sources */,
			);
			buildRules = (
			);
			dependencies = (
			);
			name = GitStreakKit;
			packageProductDependencies = (
			);
			productName = GitStreakKit;
			productReference = 65A5CF76584D2ACD1625D318 /* GitStreakKit.framework */;
			productType = "com.apple.product-type.framework";
		};
/* End PBXNativeTarget section */

/* Begin PBXProject section */
		8B11416A7C4117626707730F /* Project object */ = {
			isa = PBXProject;
			attributes = {
				BuildIndependentTargetsInParallel = YES;
				LastUpgradeCheck = 1430;
				TargetAttributes = {
				};
			};
			buildConfigurationList = CBFDA1541DDF4C798A571B7F /* Build configuration list for PBXProject "GitStreak" */;
			developmentRegion = en;
			hasScannedForEncodings = 0;
			knownRegions = (
				Base,
				en,
			);
			mainGroup = 80B905415CCA4926D43E7321;
			minimizedProjectReferenceProxies = 1;
			packageReferences = (
				A1CD5360938BEB3E19B3CAEF /* XCRemoteSwiftPackageReference "Sparkle" */,
			);
			preferredProjectObjectVersion = 77;
			productRefGroup = CD5F5272AAF75E812F5C84FE /* Products */;
			projectDirPath = "";
			projectRoot = "";
			targets = (
				9019E30A1877BED11DD4773F /* GitStreak */,
				F043147747D1F8588AD9FD4F /* GitStreakWidgetExtension */,
				FB79EFABB4F6454B1DF4C679 /* GitStreakKit */,
				5C356C31BE424C2484903BE9 /* GitStreakTests */,
			);
		};
/* End PBXProject section */

/* Begin PBXResourcesBuildPhase section */
		5A8FC927E9881CFC105C9445 /* Resources */ = {
			isa = PBXResourcesBuildPhase;
			buildActionMask = 2147483647;
			files = (
				76DABE6EEDA6F0AC2DD27B93 /* Assets.xcassets in Resources */,
			);
			runOnlyForDeploymentPostprocessing = 0;
		};
		D019A6AEE983D78063212333 /* Resources */ = {
			isa = PBXResourcesBuildPhase;
			buildActionMask = 2147483647;
			files = (
				D3380215A469F2B33B5B3F24 /* Assets.xcassets in Resources */,
			);
			runOnlyForDeploymentPostprocessing = 0;
		};
/* End PBXResourcesBuildPhase section */

/* Begin PBXSourcesBuildPhase section */
		09370770AC5DC46A88FED36D /* Sources */ = {
			isa = PBXSourcesBuildPhase;
			buildActionMask = 2147483647;
			files = (
				9128CFFEA33DA19F6B240C2D /* DashboardView.swift in Sources */,
				995506F657BC0203AEED647D /* GitStreakApp.swift in Sources */,
				5D6FC2BB6CAD6F754A362C93 /* OnboardingView.swift in Sources */,
				BC5F242510F8BF657A4592FC /* SettingsView.swift in Sources */,
				C7C645D327471228D06CC12D /* SparkleUpdater.swift in Sources */,
				9D2CE7EE28379BE2BA2E95FF /* ThemePickerView.swift in Sources */,
			);
			runOnlyForDeploymentPostprocessing = 0;
		};
		828842D1171C0FF96DA51875 /* Sources */ = {
			isa = PBXSourcesBuildPhase;
			buildActionMask = 2147483647;
			files = (
				09CB943A168A9BF2F58B9785 /* CacheManagerTests.swift in Sources */,
				5DFF37B59EB8DE2BF2E8D649 /* GraphQLResponseTests.swift in Sources */,
				AC3921266C4553180614B7A9 /* MockContributionsTests.swift in Sources */,
				8B5549E78631989288A0C478 /* StreakCalculatorTests.swift in Sources */,
				DF166655EF9BECD81F78BEA4 /* ThemeRegistryTests.swift in Sources */,
				C02C54CCE1D94F3F9CC65F8D /* TokenStorageTests.swift in Sources */,
				7CC1C8C2386B113A319143FC /* UserActivityStatsTests.swift in Sources */,
			);
			runOnlyForDeploymentPostprocessing = 0;
		};
		E8F8C806DFE8C247E5BF962C /* Sources */ = {
			isa = PBXSourcesBuildPhase;
			buildActionMask = 2147483647;
			files = (
				75EA2EEAAC924B74D5883757 /* ActivityRadarChartView.swift in Sources */,
				86B96D17117E5C7442AE9F26 /* AvatarView.swift in Sources */,
				DB5DC60C4A95AB99DEFD6DA9 /* CacheManager.swift in Sources */,
				B5014DA45E10A0E82506E4EF /* ContributionData.swift in Sources */,
				CE73428A29950FD4993DE257 /* ContributionDay.swift in Sources */,
				362660B3988EB43C5D404463 /* ContributionGridView.swift in Sources */,
				BB84D3C9466C8B76B37A6373 /* ContributionService.swift in Sources */,
				6AE33BA8799AB37CD7252E27 /* ContributionWeek.swift in Sources */,
				5816F6D7A6F65C0FF02C4E45 /* CopyableUserCodeView.swift in Sources */,
				8B724F431D197182160FDC3A /* EntitlementService.swift in Sources */,
				13A75C5D5263D0CDDC0EAC8C /* GitHubAPIClient.swift in Sources */,
				99ED32A6682BB387BAC2C44B /* GitHubGraphQL.swift in Sources */,
				53C2F4CC38274390EE70E67B /* GitHubUser.swift in Sources */,
				2A4956C04F2F979C31D3BE2A /* GraphQLResponse.swift in Sources */,
				9A99E905CEE941E0E5BA3B68 /* KeychainService.swift in Sources */,
				432CDB749930AB5BB4B3F62E /* MockContributions.swift in Sources */,
				C4EE2A1FABD76290F991CD12 /* OAuthService.swift in Sources */,
				6F527981B7B9330D088CF61C /* SharedDataStore.swift in Sources */,
				E07F9C08F26D308C59CAF512 /* Spacing.swift in Sources */,
				E42F31C9517C81D6C5ABA39B /* StatCardView.swift in Sources */,
				A9217554AEF1E7D0FD496A91 /* StreakBadgeView.swift in Sources */,
				64CF16278CA604BEEF527774 /* StreakCalculator.swift in Sources */,
				51DC74681702895BE9F8AC43 /* Theme.swift in Sources */,
				C1AF0CDC1DE01A2A87203939 /* TokenStorage.swift in Sources */,
				6C016F8CEFF129E36F8AEFB1 /* Typography.swift in Sources */,
				39CE3FE185EEC7C9963BFCEC /* UserActivityStats.swift in Sources */,
				F202F4E0EC73F9B6D99FB241 /* UserPreferences.swift in Sources */,
			);
			runOnlyForDeploymentPostprocessing = 0;
		};
		F6E1265D24D7013B780B173C /* Sources */ = {
			isa = PBXSourcesBuildPhase;
			buildActionMask = 2147483647;
			files = (
				2164567D8CDF6D008D2E9783 /* GitStreakComboWidget.swift in Sources */,
				7D32485EE33B81EC7FB73F85 /* GitStreakRadarWidget.swift in Sources */,
				CF77C4031317317FC23A6848 /* GitStreakWidget.swift in Sources */,
				DA0623758389ADA17360767A /* GitStreakWidgetBundle.swift in Sources */,
				528DD1A9F5CAAC0C6B84DEA0 /* IssuesSmallWidgetView.swift in Sources */,
				6B63B4005F1B083BD4016A47 /* IssuesWidget.swift in Sources */,
				0FFF40B6C6585743323A0395 /* MediumWidgetView.swift in Sources */,
				2673289C71E5B3F956496684 /* PullRequestsSmallWidgetView.swift in Sources */,
				6273EBE35E5470EAA88C2683 /* PullRequestsWidget.swift in Sources */,
				473B0FCE96AC27583C68E6CD /* RadarComboMediumWidgetView.swift in Sources */,
				9D41F53EA89DA594162014A9 /* RadarSmallWidgetView.swift in Sources */,
				F9C2DA52163491F022F08AA9 /* SmallWidgetView.swift in Sources */,
				5AFEFD2FB54A4746B8FCEF7E /* TimelineProvider.swift in Sources */,
				F82237C0BB50F544283F591B /* TodayCommitsWidget.swift in Sources */,
				DE0AA80166BA0A770B1B0ED1 /* TodaySmallWidgetView.swift in Sources */,
				417DA2BD205AB2358207B8FC /* WidgetEntry.swift in Sources */,
			);
			runOnlyForDeploymentPostprocessing = 0;
		};
/* End PBXSourcesBuildPhase section */

/* Begin PBXTargetDependency section */
		06C883E656E8BFCAD0CA7E9B /* PBXTargetDependency */ = {
			isa = PBXTargetDependency;
			target = F043147747D1F8588AD9FD4F /* GitStreakWidgetExtension */;
			targetProxy = FC0B75074458DF97FCEA1FF6 /* PBXContainerItemProxy */;
		};
		507435AE4F4F9F5A960D900E /* PBXTargetDependency */ = {
			isa = PBXTargetDependency;
			target = FB79EFABB4F6454B1DF4C679 /* GitStreakKit */;
			targetProxy = 8BDD52A88B7B31EC4D0B1CA2 /* PBXContainerItemProxy */;
		};
		5B8375165B57C380402A7900 /* PBXTargetDependency */ = {
			isa = PBXTargetDependency;
			target = FB79EFABB4F6454B1DF4C679 /* GitStreakKit */;
			targetProxy = 3177831EB40452268FB99D48 /* PBXContainerItemProxy */;
		};
		6340EA04658D29E43C0C7BD9 /* PBXTargetDependency */ = {
			isa = PBXTargetDependency;
			target = 9019E30A1877BED11DD4773F /* GitStreak */;
			targetProxy = 7FAEC0CF56726E03E5BD2205 /* PBXContainerItemProxy */;
		};
		F1E077CCB9D930CE6782D2CC /* PBXTargetDependency */ = {
			isa = PBXTargetDependency;
			target = FB79EFABB4F6454B1DF4C679 /* GitStreakKit */;
			targetProxy = 87732B8219AE0C8378BD45C1 /* PBXContainerItemProxy */;
		};
/* End PBXTargetDependency section */

/* Begin XCBuildConfiguration section */
		2548EBEE70BE0C0632718D77 /* Release */ = {
			isa = XCBuildConfiguration;
			buildSettings = {
				CODE_SIGN_IDENTITY = "";
				COMBINE_HIDPI_IMAGES = YES;
				CURRENT_PROJECT_VERSION = 1;
				DEFINES_MODULE = YES;
				DYLIB_COMPATIBILITY_VERSION = 1;
				DYLIB_CURRENT_VERSION = 1;
				DYLIB_INSTALL_NAME_BASE = "@rpath";
				GENERATE_INFOPLIST_FILE = YES;
				INSTALL_PATH = "$(LOCAL_LIBRARY_DIR)/Frameworks";
				LD_RUNPATH_SEARCH_PATHS = (
					"$(inherited)",
					"@executable_path/../Frameworks",
				);
				MARKETING_VERSION = 1.0.0;
				PRODUCT_BUNDLE_IDENTIFIER = com.gitstreak.GitStreakKit;
				PRODUCT_MODULE_NAME = GitStreakKit;
				SDKROOT = macosx;
				SKIP_INSTALL = YES;
				VERSIONING_SYSTEM = "apple-generic";
			};
			name = Release;
		};
		4104425FCDD175421068B947 /* Release */ = {
			isa = XCBuildConfiguration;
			buildSettings = {
				ALWAYS_SEARCH_USER_PATHS = NO;
				CLANG_ANALYZER_NONNULL = YES;
				CLANG_ANALYZER_NUMBER_OBJECT_CONVERSION = YES_AGGRESSIVE;
				CLANG_CXX_LANGUAGE_STANDARD = "gnu++14";
				CLANG_CXX_LIBRARY = "libc++";
				CLANG_ENABLE_MODULES = YES;
				CLANG_ENABLE_OBJC_ARC = YES;
				CLANG_ENABLE_OBJC_WEAK = YES;
				CLANG_WARN_BLOCK_CAPTURE_AUTORELEASING = YES;
				CLANG_WARN_BOOL_CONVERSION = YES;
				CLANG_WARN_COMMA = YES;
				CLANG_WARN_CONSTANT_CONVERSION = YES;
				CLANG_WARN_DEPRECATED_OBJC_IMPLEMENTATIONS = YES;
				CLANG_WARN_DIRECT_OBJC_ISA_USAGE = YES_ERROR;
				CLANG_WARN_DOCUMENTATION_COMMENTS = YES;
				CLANG_WARN_EMPTY_BODY = YES;
				CLANG_WARN_ENUM_CONVERSION = YES;
				CLANG_WARN_INFINITE_RECURSION = YES;
				CLANG_WARN_INT_CONVERSION = YES;
				CLANG_WARN_NON_LITERAL_NULL_CONVERSION = YES;
				CLANG_WARN_OBJC_IMPLICIT_RETAIN_SELF = YES;
				CLANG_WARN_OBJC_LITERAL_CONVERSION = YES;
				CLANG_WARN_OBJC_ROOT_CLASS = YES_ERROR;
				CLANG_WARN_QUOTED_INCLUDE_IN_FRAMEWORK_HEADER = YES;
				CLANG_WARN_RANGE_LOOP_ANALYSIS = YES;
				CLANG_WARN_STRICT_PROTOTYPES = YES;
				CLANG_WARN_SUSPICIOUS_MOVE = YES;
				CLANG_WARN_UNGUARDED_AVAILABILITY = YES_AGGRESSIVE;
				CLANG_WARN_UNREACHABLE_CODE = YES;
				CLANG_WARN__DUPLICATE_METHOD_MATCH = YES;
				CODE_SIGNING_ALLOWED = YES;
				CODE_SIGNING_REQUIRED = NO;
				CODE_SIGN_IDENTITY = "-";
				COPY_PHASE_STRIP = NO;
				CURRENT_PROJECT_VERSION = 1;
				DEBUG_INFORMATION_FORMAT = "dwarf-with-dsym";
				ENABLE_NS_ASSERTIONS = NO;
				ENABLE_STRICT_OBJC_MSGSEND = YES;
				GCC_C_LANGUAGE_STANDARD = gnu11;
				GCC_NO_COMMON_BLOCKS = YES;
				GCC_WARN_64_TO_32_BIT_CONVERSION = YES;
				GCC_WARN_ABOUT_RETURN_TYPE = YES_ERROR;
				GCC_WARN_UNDECLARED_SELECTOR = YES;
				GCC_WARN_UNINITIALIZED_AUTOS = YES_AGGRESSIVE;
				GCC_WARN_UNUSED_FUNCTION = YES;
				GCC_WARN_UNUSED_VARIABLE = YES;
				MACOSX_DEPLOYMENT_TARGET = 14.0;
				MARKETING_VERSION = 1.0.0;
				MTL_ENABLE_DEBUG_INFO = NO;
				MTL_FAST_MATH = YES;
				PRODUCT_NAME = "$(TARGET_NAME)";
				SDKROOT = macosx;
				SWIFT_COMPILATION_MODE = wholemodule;
				SWIFT_OPTIMIZATION_LEVEL = "-O";
				SWIFT_STRICT_CONCURRENCY = complete;
				SWIFT_VERSION = 6.0;
			};
			name = Release;
		};
		4E1E84790D0008FEF92C00A4 /* Debug */ = {
			isa = XCBuildConfiguration;
			buildSettings = {
				CODE_SIGN_IDENTITY = "";
				COMBINE_HIDPI_IMAGES = YES;
				CURRENT_PROJECT_VERSION = 1;
				DEFINES_MODULE = YES;
				DYLIB_COMPATIBILITY_VERSION = 1;
				DYLIB_CURRENT_VERSION = 1;
				DYLIB_INSTALL_NAME_BASE = "@rpath";
				GENERATE_INFOPLIST_FILE = YES;
				INSTALL_PATH = "$(LOCAL_LIBRARY_DIR)/Frameworks";
				LD_RUNPATH_SEARCH_PATHS = (
					"$(inherited)",
					"@executable_path/../Frameworks",
				);
				MARKETING_VERSION = 1.0.0;
				PRODUCT_BUNDLE_IDENTIFIER = com.gitstreak.GitStreakKit;
				PRODUCT_MODULE_NAME = GitStreakKit;
				SDKROOT = macosx;
				SKIP_INSTALL = YES;
				VERSIONING_SYSTEM = "apple-generic";
			};
			name = Debug;
		};
		614388D5CA52AA71A7AB9CBF /* Release */ = {
			isa = XCBuildConfiguration;
			buildSettings = {
				BUNDLE_LOADER = "$(TEST_HOST)";
				COMBINE_HIDPI_IMAGES = YES;
				GENERATE_INFOPLIST_FILE = YES;
				LD_RUNPATH_SEARCH_PATHS = (
					"$(inherited)",
					"@executable_path/../Frameworks",
					"@loader_path/../Frameworks",
				);
				PRODUCT_BUNDLE_IDENTIFIER = com.gitstreak.GitStreakTests;
				SDKROOT = macosx;
				TEST_HOST = "$(BUILT_PRODUCTS_DIR)/GitStreak.app/$(BUNDLE_EXECUTABLE_FOLDER_PATH)/GitStreak";
			};
			name = Release;
		};
		6D91138711E598E12949A309 /* Debug */ = {
			isa = XCBuildConfiguration;
			buildSettings = {
				CODE_SIGN_ENTITLEMENTS = GitStreakWidget/GitStreakWidget.entitlements;
				COMBINE_HIDPI_IMAGES = YES;
				CURRENT_PROJECT_VERSION = 1;
				GENERATE_INFOPLIST_FILE = YES;
				INFOPLIST_FILE = GitStreakWidget/Info.plist;
				LD_RUNPATH_SEARCH_PATHS = (
					"$(inherited)",
					"@executable_path/../Frameworks",
					"@executable_path/../../../../Frameworks",
				);
				MARKETING_VERSION = 1.0.0;
				PRODUCT_BUNDLE_IDENTIFIER = com.gitstreak.GitStreak.Widget;
				PRODUCT_NAME = GitStreakWidgetExtension;
				SDKROOT = macosx;
			};
			name = Debug;
		};
		821F5631DAB95CF93935C70C /* Release */ = {
			isa = XCBuildConfiguration;
			buildSettings = {
				ASSETCATALOG_COMPILER_APPICON_NAME = AppIcon;
				CODE_SIGN_ENTITLEMENTS = GitStreak/GitStreak.entitlements;
				COMBINE_HIDPI_IMAGES = YES;
				CURRENT_PROJECT_VERSION = 1;
				INFOPLIST_FILE = GitStreak/Info.plist;
				LD_RUNPATH_SEARCH_PATHS = (
					"$(inherited)",
					"@executable_path/../Frameworks",
				);
				MARKETING_VERSION = 1.0.0;
				PRODUCT_BUNDLE_IDENTIFIER = com.gitstreak.GitStreak;
				SDKROOT = macosx;
			};
			name = Release;
		};
		83821E3E09CF0AE6F470C4AF /* Debug */ = {
			isa = XCBuildConfiguration;
			buildSettings = {
				ASSETCATALOG_COMPILER_APPICON_NAME = AppIcon;
				CODE_SIGN_ENTITLEMENTS = GitStreak/GitStreak.entitlements;
				COMBINE_HIDPI_IMAGES = YES;
				CURRENT_PROJECT_VERSION = 1;
				INFOPLIST_FILE = GitStreak/Info.plist;
				LD_RUNPATH_SEARCH_PATHS = (
					"$(inherited)",
					"@executable_path/../Frameworks",
				);
				MARKETING_VERSION = 1.0.0;
				PRODUCT_BUNDLE_IDENTIFIER = com.gitstreak.GitStreak;
				SDKROOT = macosx;
			};
			name = Debug;
		};
		8E987D9E8649D6C9FA56C598 /* Debug */ = {
			isa = XCBuildConfiguration;
			buildSettings = {
				BUNDLE_LOADER = "$(TEST_HOST)";
				COMBINE_HIDPI_IMAGES = YES;
				GENERATE_INFOPLIST_FILE = YES;
				LD_RUNPATH_SEARCH_PATHS = (
					"$(inherited)",
					"@executable_path/../Frameworks",
					"@loader_path/../Frameworks",
				);
				PRODUCT_BUNDLE_IDENTIFIER = com.gitstreak.GitStreakTests;
				SDKROOT = macosx;
				TEST_HOST = "$(BUILT_PRODUCTS_DIR)/GitStreak.app/$(BUNDLE_EXECUTABLE_FOLDER_PATH)/GitStreak";
			};
			name = Debug;
		};
		DC24BB4DF4B76E9623EB8E36 /* Debug */ = {
			isa = XCBuildConfiguration;
			buildSettings = {
				ALWAYS_SEARCH_USER_PATHS = NO;
				CLANG_ANALYZER_NONNULL = YES;
				CLANG_ANALYZER_NUMBER_OBJECT_CONVERSION = YES_AGGRESSIVE;
				CLANG_CXX_LANGUAGE_STANDARD = "gnu++14";
				CLANG_CXX_LIBRARY = "libc++";
				CLANG_ENABLE_MODULES = YES;
				CLANG_ENABLE_OBJC_ARC = YES;
				CLANG_ENABLE_OBJC_WEAK = YES;
				CLANG_WARN_BLOCK_CAPTURE_AUTORELEASING = YES;
				CLANG_WARN_BOOL_CONVERSION = YES;
				CLANG_WARN_COMMA = YES;
				CLANG_WARN_CONSTANT_CONVERSION = YES;
				CLANG_WARN_DEPRECATED_OBJC_IMPLEMENTATIONS = YES;
				CLANG_WARN_DIRECT_OBJC_ISA_USAGE = YES_ERROR;
				CLANG_WARN_DOCUMENTATION_COMMENTS = YES;
				CLANG_WARN_EMPTY_BODY = YES;
				CLANG_WARN_ENUM_CONVERSION = YES;
				CLANG_WARN_INFINITE_RECURSION = YES;
				CLANG_WARN_INT_CONVERSION = YES;
				CLANG_WARN_NON_LITERAL_NULL_CONVERSION = YES;
				CLANG_WARN_OBJC_IMPLICIT_RETAIN_SELF = YES;
				CLANG_WARN_OBJC_LITERAL_CONVERSION = YES;
				CLANG_WARN_OBJC_ROOT_CLASS = YES_ERROR;
				CLANG_WARN_QUOTED_INCLUDE_IN_FRAMEWORK_HEADER = YES;
				CLANG_WARN_RANGE_LOOP_ANALYSIS = YES;
				CLANG_WARN_STRICT_PROTOTYPES = YES;
				CLANG_WARN_SUSPICIOUS_MOVE = YES;
				CLANG_WARN_UNGUARDED_AVAILABILITY = YES_AGGRESSIVE;
				CLANG_WARN_UNREACHABLE_CODE = YES;
				CLANG_WARN__DUPLICATE_METHOD_MATCH = YES;
				CODE_SIGNING_ALLOWED = YES;
				CODE_SIGNING_REQUIRED = NO;
				CODE_SIGN_IDENTITY = "-";
				COPY_PHASE_STRIP = NO;
				CURRENT_PROJECT_VERSION = 1;
				DEBUG_INFORMATION_FORMAT = dwarf;
				ENABLE_STRICT_OBJC_MSGSEND = YES;
				ENABLE_TESTABILITY = YES;
				GCC_C_LANGUAGE_STANDARD = gnu11;
				GCC_DYNAMIC_NO_PIC = NO;
				GCC_NO_COMMON_BLOCKS = YES;
				GCC_OPTIMIZATION_LEVEL = 0;
				GCC_PREPROCESSOR_DEFINITIONS = (
					"$(inherited)",
					"DEBUG=1",
				);
				GCC_WARN_64_TO_32_BIT_CONVERSION = YES;
				GCC_WARN_ABOUT_RETURN_TYPE = YES_ERROR;
				GCC_WARN_UNDECLARED_SELECTOR = YES;
				GCC_WARN_UNINITIALIZED_AUTOS = YES_AGGRESSIVE;
				GCC_WARN_UNUSED_FUNCTION = YES;
				GCC_WARN_UNUSED_VARIABLE = YES;
				MACOSX_DEPLOYMENT_TARGET = 14.0;
				MARKETING_VERSION = 1.0.0;
				MTL_ENABLE_DEBUG_INFO = INCLUDE_SOURCE;
				MTL_FAST_MATH = YES;
				ONLY_ACTIVE_ARCH = YES;
				PRODUCT_NAME = "$(TARGET_NAME)";
				SDKROOT = macosx;
				SWIFT_ACTIVE_COMPILATION_CONDITIONS = DEBUG;
				SWIFT_OPTIMIZATION_LEVEL = "-Onone";
				SWIFT_STRICT_CONCURRENCY = complete;
				SWIFT_VERSION = 6.0;
			};
			name = Debug;
		};
		F9461C17C73736E8782007C3 /* Release */ = {
			isa = XCBuildConfiguration;
			buildSettings = {
				CODE_SIGN_ENTITLEMENTS = GitStreakWidget/GitStreakWidget.entitlements;
				COMBINE_HIDPI_IMAGES = YES;
				CURRENT_PROJECT_VERSION = 1;
				GENERATE_INFOPLIST_FILE = YES;
				INFOPLIST_FILE = GitStreakWidget/Info.plist;
				LD_RUNPATH_SEARCH_PATHS = (
					"$(inherited)",
					"@executable_path/../Frameworks",
					"@executable_path/../../../../Frameworks",
				);
				MARKETING_VERSION = 1.0.0;
				PRODUCT_BUNDLE_IDENTIFIER = com.gitstreak.GitStreak.Widget;
				PRODUCT_NAME = GitStreakWidgetExtension;
				SDKROOT = macosx;
			};
			name = Release;
		};
/* End XCBuildConfiguration section */

/* Begin XCConfigurationList section */
		04A557CD0E1A8CCB5D909F9C /* Build configuration list for PBXNativeTarget "GitStreakKit" */ = {
			isa = XCConfigurationList;
			buildConfigurations = (
				4E1E84790D0008FEF92C00A4 /* Debug */,
				2548EBEE70BE0C0632718D77 /* Release */,
			);
			defaultConfigurationIsVisible = 0;
			defaultConfigurationName = Debug;
		};
		579DACBE885E12CAB4858271 /* Build configuration list for PBXNativeTarget "GitStreakTests" */ = {
			isa = XCConfigurationList;
			buildConfigurations = (
				8E987D9E8649D6C9FA56C598 /* Debug */,
				614388D5CA52AA71A7AB9CBF /* Release */,
			);
			defaultConfigurationIsVisible = 0;
			defaultConfigurationName = Debug;
		};
		B515F59B6092A34C9A13955F /* Build configuration list for PBXNativeTarget "GitStreakWidgetExtension" */ = {
			isa = XCConfigurationList;
			buildConfigurations = (
				6D91138711E598E12949A309 /* Debug */,
				F9461C17C73736E8782007C3 /* Release */,
			);
			defaultConfigurationIsVisible = 0;
			defaultConfigurationName = Debug;
		};
		CBFDA1541DDF4C798A571B7F /* Build configuration list for PBXProject "GitStreak" */ = {
			isa = XCConfigurationList;
			buildConfigurations = (
				DC24BB4DF4B76E9623EB8E36 /* Debug */,
				4104425FCDD175421068B947 /* Release */,
			);
			defaultConfigurationIsVisible = 0;
			defaultConfigurationName = Debug;
		};
		EE316A38565B7F40DD97F7BA /* Build configuration list for PBXNativeTarget "GitStreak" */ = {
			isa = XCConfigurationList;
			buildConfigurations = (
				83821E3E09CF0AE6F470C4AF /* Debug */,
				821F5631DAB95CF93935C70C /* Release */,
			);
			defaultConfigurationIsVisible = 0;
			defaultConfigurationName = Debug;
		};
/* End XCConfigurationList section */

/* Begin XCRemoteSwiftPackageReference section */
		A1CD5360938BEB3E19B3CAEF /* XCRemoteSwiftPackageReference "Sparkle" */ = {
			isa = XCRemoteSwiftPackageReference;
			repositoryURL = "https://github.com/sparkle-project/Sparkle";
			requirement = {
				kind = upToNextMajorVersion;
				minimumVersion = 2.6.0;
			};
		};
/* End XCRemoteSwiftPackageReference section */

/* Begin XCSwiftPackageProductDependency section */
		DA2A52D644638E758540C985 /* Sparkle */ = {
			isa = XCSwiftPackageProductDependency;
			package = A1CD5360938BEB3E19B3CAEF /* XCRemoteSwiftPackageReference "Sparkle" */;
			productName = Sparkle;
		};
/* End XCSwiftPackageProductDependency section */
	};
	rootObject = 8B11416A7C4117626707730F /* Project object */;
}
